{
  "originHash" : "e92873fbb2df49e33a472f7705f1cb016188ad1f778b4d0a9d7d01c76dfd7b65",
  "pins" : [
    {
      "identity" : "wwqoi",
      "kind" : "remoteSourceControl",
      "location" : "https://github.com/William-Weng/WWQOI",
      "state" : {
        "revision" : "efde5b777cfd9c69d111f58fc5c040131a5f80c6",
        "version" : "1.0.1"
      }
    }
  ],
  "version" : 3
}
